// !$*UTF8*$!
{
	archiveVersion = 1;
	classes = {
	};
	objectVersion = 46;
	objects = {

/* Begin PBXBuildFile section */
		C51CE6A71A89943400F39650 /* WeatherLocation.m in Sources */ = {isa = PBXBuildFile; fileRef = C51CE6A61A89943400F39650 /* WeatherLocation.m */; };
		C51CE6AA1A89945100F39650 /* WeatherLocationTableViewController.m in Sources */ = {isa = PBXBuildFile; fileRef = C51CE6A91A89945100F39650 /* WeatherLocationTableViewController.m */; };
		C51CE6AD1A89A32F00F39650 /* OverviewViewController.m in Sources */ = {isa = PBXBuildFile; fileRef = C51CE6AC1A89A32F00F39650 /* OverviewViewController.m */; };
		C542F9EF1A7EFE1500E3557D /* main.m in Sources */ = {isa = PBXBuildFile; fileRef = C542F9EE1A7EFE1500E3557D /* main.m */; };
		C542F9F21A7EFE1500E3557D /* AppDelegate.m in Sources */ = {isa = PBXBuildFile; fileRef = C542F9F11A7EFE1500E3557D /* AppDelegate.m */; };
		C542F9F51A7EFE1500E3557D /* JagWeather.xcdatamodeld in Sources */ = {isa = PBXBuildFile; fileRef = C542F9F31A7EFE1500E3557D /* JagWeather.xcdatamodeld */; };
		C542F9FB1A7EFE1500E3557D /* Main.storyboard in Resources */ = {isa = PBXBuildFile; fileRef = C542F9F91A7EFE1500E3557D /* Main.storyboard */; };
		C542F9FD1A7EFE1500E3557D /* Images.xcassets in Resources */ = {isa = PBXBuildFile; fileRef = C542F9FC1A7EFE1500E3557D /* Images.xcassets */; };
		C542FA001A7EFE1500E3557D /* LaunchScreen.xib in Resources */ = {isa = PBXBuildFile; fileRef = C542F9FE1A7EFE1500E3557D /* LaunchScreen.xib */; };
		C542FA0C1A7EFE1500E3557D /* JagWeatherTests.m in Sources */ = {isa = PBXBuildFile; fileRef = C542FA0B1A7EFE1500E3557D /* JagWeatherTests.m */; };
/* End PBXBuildFile section */

/* Begin PBXContainerItemProxy section */
		C542FA061A7EFE1500E3557D /* PBXContainerItemProxy */ = {
			isa = PBXContainerItemProxy;
			containerPortal = C542F9E11A7EFE1500E3557D /* Project object */;
			proxyType = 1;
			remoteGlobalIDString = C542F9E81A7EFE1500E3557D;
			remoteInfo = JagWeather;
		};
/* End PBXContainerItemProxy section */

/* Begin PBXFileReference section */
		C51CE6A51A89943400F39650 /* WeatherLocation.h */ = {isa = PBXFileReference; fileEncoding = 4; lastKnownFileType = sourcecode.c.h; path = WeatherLocation.h; sourceTree = "<group>"; };
		C51CE6A61A89943400F39650 /* WeatherLocation.m */ = {isa = PBXFileReference; fileEncoding = 4; lastKnownFileType = sourcecode.c.objc; path = WeatherLocation.m; sourceTree = "<group>"; };
		C51CE6A81A89945100F39650 /* WeatherLocationTableViewController.h */ = {isa = PBXFileReference; fileEncoding = 4; lastKnownFileType = sourcecode.c.h; path = WeatherLocationTableViewController.h; sourceTree = "<group>"; };
		C51CE6A91A89945100F39650 /* WeatherLocationTableViewController.m */ = {isa = PBXFileReference; fileEncoding = 4; lastKnownFileType = sourcecode.c.objc; path = WeatherLocationTableViewController.m; sourceTree = "<group>"; };
		C51CE6AB1A89A32F00F39650 /* OverviewViewController.h */ = {isa = PBXFileReference; fileEncoding = 4; lastKnownFileType = sourcecode.c.h; path = OverviewViewController.h; sourceTree = "<group>"; };
		C51CE6AC1A89A32F00F39650 /* OverviewViewController.m */ = {isa = PBXFileReference; fileEncoding = 4; lastKnownFileType = sourcecode.c.objc; path = OverviewViewController.m; sourceTree = "<group>"; };
		C542F9E91A7EFE1500E3557D /* JagWeather.app */ = {isa = PBXFileReference; explicitFileType = wrapper.application; includeInIndex = 0; path = JagWeather.app; sourceTree = BUILT_PRODUCTS_DIR; };
		C542F9ED1A7EFE1500E3557D /* Info.plist */ = {isa = PBXFileReference; lastKnownFileType = text.plist.xml; path = Info.plist; sourceTree = "<group>"; };
		C542F9EE1A7EFE1500E3557D /* main.m */ = {isa = PBXFileReference; lastKnownFileType = sourcecode.c.objc; path = main.m; sourceTree = "<group>"; };
		C542F9F01A7EFE1500E3557D /* AppDelegate.h */ = {isa = PBXFileReference; lastKnownFileType = sourcecode.c.h; path = AppDelegate.h; sourceTree = "<group>"; };
		C542F9F11A7EFE1500E3557D /* AppDelegate.m */ = {isa = PBXFileReference; lastKnownFileType = sourcecode.c.objc; path = AppDelegate.m; sourceTree = "<group>"; };
		C542F9F41A7EFE1500E3557D /* JagWeather.xcdatamodel */ = {isa = PBXFileReference; lastKnownFileType = wrapper.xcdatamodel; path = JagWeather.xcdatamodel; sourceTree = "<group>"; };
		C542F9FA1A7EFE1500E3557D /* Base */ = {isa = PBXFileReference; lastKnownFileType = file.storyboard; name = Base; path = Base.lproj/Main.storyboard; sourceTree = "<group>"; };
		C542F9FC1A7EFE1500E3557D /* Images.xcassets */ = {isa = PBXFileReference; lastKnownFileType = folder.assetcatalog; path = Images.xcassets; sourceTree = "<group>"; };
		C542F9FF1A7EFE1500E3557D /* Base */ = {isa = PBXFileReference; lastKnownFileType = file.xib; name = Base; path = Base.lproj/LaunchScreen.xib; sourceTree = "<group>"; };
		C542FA051A7EFE1500E3557D /* JagWeatherTests.xctest */ = {isa = PBXFileReference; explicitFileType = wrapper.cfbundle; includeInIndex = 0; path = JagWeatherTests.xctest; sourceTree = BUILT_PRODUCTS_DIR; };
		C542FA0A1A7EFE1500E3557D /* Info.plist */ = {isa = PBXFileReference; lastKnownFileType = text.plist.xml; path = Info.plist; sourceTree = "<group>"; };
		C542FA0B1A7EFE1500E3557D /* JagWeatherTests.m */ = {isa = PBXFileReference; lastKnownFileType = sourcecode.c.objc; path = JagWeatherTests.m; sourceTree = "<group>"; };
/* End PBXFileReference section */

/* Begin PBXFrameworksBuildPhase section */
		C542F9E61A7EFE1500E3557D /* Frameworks */ = {
			isa = PBXFrameworksBuildPhase;
			buildActionMask = 2147483647;
			files = (
			);
			runOnlyForDeploymentPostprocessing = 0;
		};
		C542FA021A7EFE1500E3557D /* Frameworks */ = {
			isa = PBXFrameworksBuildPhase;
			buildActionMask = 2147483647;
			files = (
			);
			runOnlyForDeploymentPostprocessing = 0;
		};
/* End PBXFrameworksBuildPhase section */

/* Begin PBXGroup section */
		C542F9E01A7EFE1500E3557D = {
			isa = PBXGroup;
			children = (
				C542F9EB1A7EFE1500E3557D /* JagWeather */,
				C542FA081A7EFE1500E3557D /* JagWeatherTests */,
				C542F9EA1A7EFE1500E3557D /* Products */,
			);
			sourceTree = "<group>";
		};
		C542F9EA1A7EFE1500E3557D /* Products */ = {
			isa = PBXGroup;
			children = (
				C542F9E91A7EFE1500E3557D /* JagWeather.app */,
				C542FA051A7EFE1500E3557D /* JagWeatherTests.xctest */,
			);
			name = Products;
			sourceTree = "<group>";
		};
		C542F9EB1A7EFE1500E3557D /* JagWeather */ = {
			isa = PBXGroup;
			children = (
				C542F9F01A7EFE1500E3557D /* AppDelegate.h */,
				C542F9F11A7EFE1500E3557D /* AppDelegate.m */,
				C542F9F91A7EFE1500E3557D /* Main.storyboard */,
				C542F9FC1A7EFE1500E3557D /* Images.xcassets */,
				C542F9FE1A7EFE1500E3557D /* LaunchScreen.xib */,
				C542F9F31A7EFE1500E3557D /* JagWeather.xcdatamodeld */,
				C542F9EC1A7EFE1500E3557D /* Supporting Files */,
				C51CE6A51A89943400F39650 /* WeatherLocation.h */,
				C51CE6A61A89943400F39650 /* WeatherLocation.m */,
				C51CE6A81A89945100F39650 /* WeatherLocationTableViewController.h */,
				C51CE6A91A89945100F39650 /* WeatherLocationTableViewController.m */,
				C51CE6AB1A89A32F00F39650 /* OverviewViewController.h */,
				C51CE6AC1A89A32F00F39650 /* OverviewViewController.m */,
			);
			path = JagWeather;
			sourceTree = "<group>";
		};
		C542F9EC1A7EFE1500E3557D /* Supporting Files */ = {
			isa = PBXGroup;
			children = (
				C542F9ED1A7EFE1500E3557D /* Info.plist */,
				C542F9EE1A7EFE1500E3557D /* main.m */,
			);
			name = "Supporting Files";
			sourceTree = "<group>";
		};
		C542FA081A7EFE1500E3557D /* JagWeatherTests */ = {
			isa = PBXGroup;
			children = (
				C542FA0B1A7EFE1500E3557D /* JagWeatherTests.m */,
				C542FA091A7EFE1500E3557D /* Supporting Files */,
			);
			path = JagWeatherTests;
			sourceTree = "<group>";
		};
		C542FA091A7EFE1500E3557D /* Supporting Files */ = {
			isa = PBXGroup;
			children = (
				C542FA0A1A7EFE1500E3557D /* Info.plist */,
			);
			name = "Supporting Files";
			sourceTree = "<group>";
		};
/* End PBXGroup section */

/* Begin PBXNativeTarget section */
		C542F9E81A7EFE1500E3557D /* JagWeather */ = {
			isa = PBXNativeTarget;
			buildConfigurationList = C542FA0F1A7EFE1500E3557D /* Build configuration list for PBXNativeTarget "JagWeather" */;
			buildPhases = (
				C542F9E51A7EFE1500E3557D /* Sources */,
				C542F9E61A7EFE1500E3557D /* Frameworks */,
				C542F9E71A7EFE1500E3557D /* Resources */,
			);
			buildRules = (
			);
			dependencies = (
			);
			name = JagWeather;
			productName = JagWeather;
			productReference = C542F9E91A7EFE1500E3557D /* JagWeather.app */;
			productType = "com.apple.product-type.application";
		};
		C542FA041A7EFE1500E3557D /* JagWeatherTests */ = {
			isa = PBXNativeTarget;
			buildConfigurationList = C542FA121A7EFE1500E3557D /* Build configuration list for PBXNativeTarget "JagWeatherTests" */;
			buildPhases = (
				C542FA011A7EFE1500E3557D /* Sources */,
				C542FA021A7EFE1500E3557D /* Frameworks */,
				C542FA031A7EFE1500E3557D /* Resources */,
			);
			buildRules = (
			);
			dependencies = (
				C542FA071A7EFE1500E3557D /* PBXTargetDependency */,
			);
			name = JagWeatherTests;
			productName = JagWeatherTests;
			productReference = C542FA051A7EFE1500E3557D /* JagWeatherTests.xctest */;
			productType = "com.apple.product-type.bundle.unit-test";
		};
/* End PBXNativeTarget section */

/* Begin PBXProject section */
		C542F9E11A7EFE1500E3557D /* Project object */ = {
			isa = PBXProject;
			attributes = {
				LastUpgradeCheck = 0610;
				ORGANIZATIONNAME = "Bobby Vogel";
				TargetAttributes = {
					C542F9E81A7EFE1500E3557D = {
						CreatedOnToolsVersion = 6.1.1;
					};
					C542FA041A7EFE1500E3557D = {
						CreatedOnToolsVersion = 6.1.1;
						TestTargetID = C542F9E81A7EFE1500E3557D;
					};
				};
			};
			buildConfigurationList = C542F9E41A7EFE1500E3557D /* Build configuration list for PBXProject "JagWeather" */;
			compatibilityVersion = "Xcode 3.2";
			developmentRegion = English;
			hasScannedForEncodings = 0;
			knownRegions = (
				en,
				Base,
			);
			mainGroup = C542F9E01A7EFE1500E3557D;
			productRefGroup = C542F9EA1A7EFE1500E3557D /* Products */;
			projectDirPath = "";
			projectRoot = "";
			targets = (
				C542F9E81A7EFE1500E3557D /* JagWeather */,
				C542FA041A7EFE1500E3557D /* JagWeatherTests */,
			);
		};
/* End PBXProject section */

/* Begin PBXResourcesBuildPhase section */
		C542F9E71A7EFE1500E3557D /* Resources */ = {
			isa = PBXResourcesBuildPhase;
			buildActionMask = 2147483647;
			files = (
				C542F9FB1A7EFE1500E3557D /* Main.storyboard in Resources */,
				C542FA001A7EFE1500E3557D /* LaunchScreen.xib in Resources */,
				C542F9FD1A7EFE1500E3557D /* Images.xcassets in Resources */,
			);
			runOnlyForDeploymentPostprocessing = 0;
		};
		C542FA031A7EFE1500E3557D /* Resources */ = {
			isa = PBXResourcesBuildPhase;
			buildActionMask = 2147483647;
			files = (
			);
			runOnlyForDeploymentPostprocessing = 0;
		};
/* End PBXResourcesBuildPhase section */

/* Begin PBXSourcesBuildPhase section */
		C542F9E51A7EFE1500E3557D /* Sources */ = {
			isa = PBXSourcesBuildPhase;
			buildActionMask = 2147483647;
			files = (
				C51CE6AD1A89A32F00F39650 /* OverviewViewController.m in Sources */,
				C51CE6AA1A89945100F39650 /* WeatherLocationTableViewController.m in Sources */,
				C542F9F21A7EFE1500E3557D /* AppDelegate.m in Sources */,
				C542F9F51A7EFE1500E3557D /* JagWeather.xcdatamodeld in Sources */,
				C542F9EF1A7EFE1500E3557D /* main.m in Sources */,
				C51CE6A71A89943400F39650 /* WeatherLocation.m in Sources */,
			);
			runOnlyForDeploymentPostprocessing = 0;
		};
		C542FA011A7EFE1500E3557D /* Sources */ = {
			isa = PBXSourcesBuildPhase;
			buildActionMask = 2147483647;
			files = (
				C542FA0C1A7EFE1500E3557D /* JagWeatherTests.m in Sources */,
			);
			runOnlyForDeploymentPostprocessing = 0;
		};
/* End PBXSourcesBuildPhase section */

/* Begin PBXTargetDependency section */
		C542FA071A7EFE1500E3557D /* PBXTargetDependency */ = {
			isa = PBXTargetDependency;
			target = C542F9E81A7EFE1500E3557D /* JagWeather */;
			targetProxy = C542FA061A7EFE1500E3557D /* PBXContainerItemProxy */;
		};
/* End PBXTargetDependency section */

/* Begin PBXVariantGroup section */
		C542F9F91A7EFE1500E3557D /* Main.storyboard */ = {
			isa = PBXVariantGroup;
			children = (
				C542F9FA1A7EFE1500E3557D /* Base */,
			);
			name = Main.storyboard;
			sourceTree = "<group>";
		};
		C542F9FE1A7EFE1500E3557D /* LaunchScreen.xib */ = {
			isa = PBXVariantGroup;
			children = (
				C542F9FF1A7EFE1500E3557D /* Base */,
			);
			name = LaunchScreen.xib;
			sourceTree = "<group>";
		};
/* End PBXVariantGroup section */

/* Begin XCBuildConfiguration section */
		C542FA0D1A7EFE1500E3557D /* Debug */ = {
			isa = XCBuildConfiguration;
			buildSettings = {
				ALWAYS_SEARCH_USER_PATHS = NO;
				CLANG_CXX_LANGUAGE_STANDARD = "gnu++0x";
				CLANG_CXX_LIBRARY = "libc++";
				CLANG_ENABLE_MODULES = YES;
				CLANG_ENABLE_OBJC_ARC = YES;
				CLANG_WARN_BOOL_CONVERSION = YES;
				CLANG_WARN_CONSTANT_CONVERSION = YES;
				CLANG_WARN_DIRECT_OBJC_ISA_USAGE = YES_ERROR;
				CLANG_WARN_EMPTY_BODY = YES;
				CLANG_WARN_ENUM_CONVERSION = YES;
				CLANG_WARN_INT_CONVERSION = YES;
				CLANG_WARN_OBJC_ROOT_CLASS = YES_ERROR;
				CLANG_WARN_UNREACHABLE_CODE = YES;
				CLANG_WARN__DUPLICATE_METHOD_MATCH = YES;
				"CODE_SIGN_IDENTITY[sdk=iphoneos*]" = "iPhone Developer";
				COPY_PHASE_STRIP = NO;
				ENABLE_STRICT_OBJC_MSGSEND = YES;
				GCC_C_LANGUAGE_STANDARD = gnu99;
				GCC_DYNAMIC_NO_PIC = NO;
				GCC_OPTIMIZATION_LEVEL = 0;
				GCC_PREPROCESSOR_DEFINITIONS = (
					"DEBUG=1",
					"$(inherited)",
				);
				GCC_SYMBOLS_PRIVATE_EXTERN = NO;
				GCC_WARN_64_TO_32_BIT_CONVERSION = YES;
				GCC_WARN_ABOUT_RETURN_TYPE = YES_ERROR;
				GCC_WARN_UNDECLARED_SELECTOR = YES;
				GCC_WARN_UNINITIALIZED_AUTOS = YES_AGGRESSIVE;
				GCC_WARN_UNUSED_FUNCTION = YES;
				GCC_WARN_UNUSED_VARIABLE = YES;
				IPHONEOS_DEPLOYMENT_TARGET = 8.1;
				MTL_ENABLE_DEBUG_INFO = YES;
				ONLY_ACTIVE_ARCH = YES;
				SDKROOT = iphoneos;
			};
			name = Debug;
		};
		C542FA0E1A7EFE1500E3557D /* Release */ = {
			isa = XCBuildConfiguration;
			buildSettings = {
				ALWAYS_SEARCH_USER_PATHS = NO;
				CLANG_CXX_LANGUAGE_STANDARD = "gnu++0x";
				CLANG_CXX_LIBRARY = "libc++";
				CLANG_ENABLE_MODULES = YES;
				CLANG_ENABLE_OBJC_ARC = YES;
				CLANG_WARN_BOOL_CONVERSION = YES;
				CLANG_WARN_CONSTANT_CONVERSION = YES;
				CLANG_WARN_DIRECT_OBJC_ISA_USAGE = YES_ERROR;
				CLANG_WARN_EMPTY_BODY = YES;
				CLANG_WARN_ENUM_CONVERSION = YES;
				CLANG_WARN_INT_CONVERSION = YES;
				CLANG_WARN_OBJC_ROOT_CLASS = YES_ERROR;
				CLANG_WARN_UNREACHABLE_CODE = YES;
				CLANG_WARN__DUPLICATE_METHOD_MATCH = YES;
				"CODE_SIGN_IDENTITY[sdk=iphoneos*]" = "iPhone Developer";
				COPY_PHASE_STRIP = YES;
				ENABLE_NS_ASSERTIONS = NO;
				ENABLE_STRICT_OBJC_MSGSEND = YES;
				GCC_C_LANGUAGE_STANDARD = gnu99;
				GCC_WARN_64_TO_32_BIT_CONVERSION = YES;
				GCC_WARN_ABOUT_RETURN_TYPE = YES_ERROR;
				GCC_WARN_UNDECLARED_SELECTOR = YES;
				GCC_WARN_UNINITIALIZED_AUTOS = YES_AGGRESSIVE;
				GCC_WARN_UNUSED_FUNCTION = YES;
				GCC_WARN_UNUSED_VARIABLE = YES;
				IPHONEOS_DEPLOYMENT_TARGET = 8.1;
				MTL_ENABLE_DEBUG_INFO = NO;
				SDKROOT = iphoneos;
				VALIDATE_PRODUCT = YES;
			};
			name = Release;
		};
		C542FA101A7EFE1500E3557D /* Debug */ = {
			isa = XCBuildConfiguration;
			buildSettings = {
				ASSETCATALOG_COMPILER_APPICON_NAME = AppIcon;
				INFOPLIST_FILE = JagWeather/Info.plist;
				LD_RUNPATH_SEARCH_PATHS = "$(inherited) @executable_path/Frameworks";
				PRODUCT_NAME = "$(TARGET_NAME)";
			};
			name = Debug;
		};
		C542FA111A7EFE1500E3557D /* Release */ = {
			isa = XCBuildConfiguration;
			buildSettings = {
				ASSETCATALOG_COMPILER_APPICON_NAME = AppIcon;
				INFOPLIST_FILE = JagWeather/Info.plist;
				LD_RUNPATH_SEARCH_PATHS = "$(inherited) @executable_path/Frameworks";
				PRODUCT_NAME = "$(TARGET_NAME)";
			};
			name = Release;
		};
		C542FA131A7EFE1500E3557D /* Debug */ = {
			isa = XCBuildConfiguration;
			buildSettings = {
				BUNDLE_LOADER = "$(TEST_HOST)";
				FRAMEWORK_SEARCH_PATHS = (
					"$(SDKROOT)/Developer/Library/Frameworks",
					"$(inherited)",
				);
				GCC_PREPROCESSOR_DEFINITIONS = (
					"DEBUG=1",
					"$(inherited)",
				);
				INFOPLIST_FILE = JagWeatherTests/Info.plist;
				LD_RUNPATH_SEARCH_PATHS = "$(inherited) @executable_path/Frameworks @loader_path/Frameworks";
				PRODUCT_NAME = "$(TARGET_NAME)";
				TEST_HOST = "$(BUILT_PRODUCTS_DIR)/JagWeather.app/JagWeather";
			};
			name = Debug;
		};
		C542FA141A7EFE1500E3557D /* Release */ = {
			isa = XCBuildConfiguration;
			buildSettings = {
				BUNDLE_LOADER = "$(TEST_HOST)";
				FRAMEWORK_SEARCH_PATHS = (
					"$(SDKROOT)/Developer/Library/Frameworks",
					"$(inherited)",
				);
				INFOPLIST_FILE = JagWeatherTests/Info.plist;
				LD_RUNPATH_SEARCH_PATHS = "$(inherited) @executable_path/Frameworks @loader_path/Frameworks";
				PRODUCT_NAME = "$(TARGET_NAME)";
				TEST_HOST = "$(BUILT_PRODUCTS_DIR)/JagWeather.app/JagWeather";
			};
			name = Release;
		};
/* End XCBuildConfiguration section */

/* Begin XCConfigurationList section */
		C542F9E41A7EFE1500E3557D /* Build configuration list for PBXProject "JagWeather" */ = {
			isa = XCConfigurationList;
			buildConfigurations = (
				C542FA0D1A7EFE1500E3557D /* Debug */,
				C542FA0E1A7EFE1500E3557D /* Release */,
			);
			defaultConfigurationIsVisible = 0;
			defaultConfigurationName = Release;
		};
		C542FA0F1A7EFE1500E3557D /* Build configuration list for PBXNativeTarget "JagWeather" */ = {
			isa = XCConfigurationList;
			buildConfigurations = (
				C542FA101A7EFE1500E3557D /* Debug */,
				C542FA111A7EFE1500E3557D /* Release */,
			);
			defaultConfigurationIsVisible = 0;
			defaultConfigurationName = Release;
		};
		C542FA121A7EFE1500E3557D /* Build configuration list for PBXNativeTarget "JagWeatherTests" */ = {
			isa = XCConfigurationList;
			buildConfigurations = (
				C542FA131A7EFE1500E3557D /* Debug */,
				C542FA141A7EFE1500E3557D /* Release */,
			);
			defaultConfigurationIsVisible = 0;
			defaultConfigurationName = Release;
		};
/* End XCConfigurationList section */

/* Begin XCVersionGroup section */
		C542F9F31A7EFE1500E3557D /* JagWeather.xcdatamodeld */ = {
			isa = XCVersionGroup;
			children = (
				C542F9F41A7EFE1500E3557D /* JagWeather.xcdatamodel */,
			);
			currentVersion = C542F9F41A7EFE1500E3557D /* JagWeather.xcdatamodel */;
			path = JagWeather.xcdatamodeld;
			sourceTree = "<group>";
			versionGroupType = wrapper.xcdatamodel;
		};
/* End XCVersionGroup section */
	};
	rootObject = C542F9E11A7EFE1500E3557D /* Project object */;
}
